<?xml version="1.0" encoding="utf-8"?>
<Project ToolsVersion="4.0" xmlns="http://schemas.microsoft.com/developer/msbuild/2003">
  <ItemGroup>
    <Filter Include="Source Files">
      <UniqueIdentifier>{4FC737F1-C7A5-4376-A066-2A32D752A2FF}</UniqueIdentifier>
      <Extensions>cpp;c;cc;cxx;def;odl;idl;hpj;bat;asm;asmx</Extensions>
    </Filter>
    <Filter Include="Header Files">
      <UniqueIdentifier>{93995380-89BD-4b04-88EB-625FBE52EBFB}</UniqueIdentifier>
      <Extensions>h;hh;hpp;hxx;hm;inl;inc;xsd</Extensions>
    </Filter>
    <Filter Include="Resource Files">
      <UniqueIdentifier>{67DA6AB6-F800-4c08-8B7A-83BB121AAD01}</UniqueIdentifier>
      <Extensions>rc;ico;cur;bmp;dlg;rc2;rct;bin;rgs;gif;jpg;jpeg;jpe;resx;tiff;tif;png;wav;mfcribbon-ms</Extensions>
    </Filter>
    <Filter Include="Source Files\Auxiliary">
      <UniqueIdentifier>{f8720190-e289-4783-8369-c1b010b1d5e4}</UniqueIdentifier>
    </Filter>
    <Filter Include="Header Files\Auxiliary">
      <UniqueIdentifier>{82116757-9c36-4780-ba55-ff9b4f66f17a}</UniqueIdentifier>
    </Filter>
  </ItemGroup>
  <ItemGroup>
    <ClCompile Include="ParkMiller.cpp">
      <Filter>Source Files</Filter>
    </ClCompile>
    <ClCompile Include="RandomBase.cpp">
      <Filter>Source Files</Filter>
    </ClCompile>
    <ClCompile Include="ConvergenceTable.cpp">
      <Filter>Source Files\Auxiliary</Filter>
    </ClCompile>
    <ClCompile Include="MCStatistics.cpp">
      <Filter>Source Files\Auxiliary</Filter>
    </ClCompile>
    <ClCompile Include="Vanilla3.cpp">
      <Filter>Source Files\Auxiliary</Filter>
    </ClCompile>
    <ClCompile Include="PayOffBridge.cpp">
      <Filter>Source Files\Auxiliary</Filter>
    </ClCompile>
    <ClCompile Include="Parameters.cpp">
      <Filter>Source Files\Auxiliary</Filter>
    </ClCompile>
    <ClCompile Include="SimpleMC8.cpp">
      <Filter>Source Files\Auxiliary</Filter>
    </ClCompile>
    <ClCompile Include="PayOff3.cpp">
      <Filter>Source Files\Auxiliary</Filter>
    </ClCompile>
    <ClCompile Include="Arrays.cpp">
      <Filter>Source Files\Auxiliary</Filter>
    </ClCompile>
    <ClCompile Include="Normals.cpp">
      <Filter>Source Files\Auxiliary</Filter>
    </ClCompile>
    <ClCompile Include="AntiThetic.cpp">
      <Filter>Source Files\Auxiliary</Filter>
    </ClCompile>
    <ClCompile Include="LEcuyer.cpp">
      <Filter>Source Files</Filter>
    </ClCompile>
    <ClCompile Include="Main.cpp">
      <Filter>Source Files</Filter>
    </ClCompile>
    <ClCompile Include="Fishman.cpp">
      <Filter>Source Files</Filter>
    </ClCompile>
    <ClCompile Include="BoxMuller.cpp">
      <Filter>Source Files</Filter>
    </ClCompile>
    <ClCompile Include="BlackScholesFormulas.cpp">
      <Filter>Source Files\Auxiliary</Filter>
    </ClCompile>
    <ClCompile Include="FishmanLE.cpp">
      <Filter>Source Files</Filter>
    </ClCompile>
    <ClCompile Include="BoxMullerLE.cpp">
      <Filter>Source Files</Filter>
    </ClCompile>
  </ItemGroup>
  <ItemGroup>
    <ClInclude Include="ParkMiller.h">
      <Filter>Header Files</Filter>
    </ClInclude>
    <ClInclude Include="RandomBase.h">
      <Filter>Header Files</Filter>
    </ClInclude>
    <ClInclude Include="ConvergenceTable.h">
      <Filter>Header Files\Auxiliary</Filter>
    </ClInclude>
    <ClInclude Include="MCStatistics.h">
      <Filter>Header Files\Auxiliary</Filter>
    </ClInclude>
    <ClInclude Include="Vanilla3.h">
      <Filter>Header Files\Auxiliary</Filter>
    </ClInclude>
    <ClInclude Include="wrapper.h">
      <Filter>Header Files\Auxiliary</Filter>
    </ClInclude>
    <ClInclude Include="PayOffBridge.h">
      <Filter>Header Files\Auxiliary</Filter>
    </ClInclude>
    <ClInclude Include="PayOff3.h">
      <Filter>Header Files\Auxiliary</Filter>
    </ClInclude>
    <ClInclude Include="SimpleMC8.h">
      <Filter>Header Files\Auxiliary</Filter>
    </ClInclude>
    <ClInclude Include="Parameters.h">
      <Filter>Header Files\Auxiliary</Filter>
    </ClInclude>
    <ClInclude Include="Arrays.h">
      <Filter>Header Files\Auxiliary</Filter>
    </ClInclude>
    <ClInclude Include="Normals.h">
      <Filter>Header Files\Auxiliary</Filter>
    </ClInclude>
    <ClInclude Include="LEcuyer.h">
      <Filter>Header Files</Filter>
    </ClInclude>
    <ClInclude Include="AntiThetic.h">
      <Filter>Header Files\Auxiliary</Filter>
    </ClInclude>
    <ClInclude Include="Fishman.h">
      <Filter>Header Files</Filter>
    </ClInclude>
    <ClInclude Include="BoxMuller.h">
      <Filter>Header Files</Filter>
    </ClInclude>
    <ClInclude Include="BlackScholesFormulas.h">
      <Filter>Header Files\Auxiliary</Filter>
    </ClInclude>
    <ClInclude Include="FishmanLE.h">
      <Filter>Header Files</Filter>
    </ClInclude>
    <ClInclude Include="BoxMullerLE.h">
      <Filter>Header Files</Filter>
    </ClInclude>
  </ItemGroup>
</Project>